
Microsoft Visual Studio Solution File, Format Version 12.00
# Visual Studio Version 17
VisualStudioVersion = 17.14.36616.10 d17.14
MinimumVisualStudioVersion = 10.0.40219.1
Project("{FAE04EC0-301F-11D3-BF4B-00C04F79EFBC}") = "LabyonetimSistemi", "LabyonetimSistemi.csproj", "{D219FC16-3BFC-47ED-829A-458B7AED6CB5}"
EndProject
Global
	GlobalSection(SolutionConfigurationPlatforms) = preSolution
		Debug|Any CPU = Debug|Any CPU
		Release|Any CPU = Release|Any CPU
	EndGlobalSection
	GlobalSection(ProjectConfigurationPlatforms) = postSolution
		{D219FC16-3BFC-47ED-829A-458B7AED6CB5}.Debug|Any CPU.ActiveCfg = Debug|Any CPU
		{D219FC16-3BFC-47ED-829A-458B7AED6CB5}.Debug|Any CPU.Build.0 = Debug|Any CPU
		{D219FC16-3BFC-47ED-829A-458B7AED6CB5}.Release|Any CPU.ActiveCfg = Release|Any CPU
		{D219FC16-3BFC-47ED-829A-458B7AED6CB5}.Release|Any CPU.Build.0 = Release|Any CPU
	EndGlobalSection
	GlobalSection(SolutionProperties) = preSolution
		HideSolutionNode = FALSE
	EndGlobalSection
	GlobalSection(ExtensibilityGlobals) = postSolution
		SolutionGuid = {787F0AD4-E002-4124-8344-C020C65F053F}
	EndGlobalSection
EndGlobal
